// !$*UTF8*$!
{
	archiveVersion = 1;
	classes = {
	};
	objectVersion = 50;
	objects = {

/* Begin PBXBuildFile section */
		BF9E727525D1EFE40027AE14 /* MysticSqaureApp.swift in Sources */ = {isa = PBXBuildFile; fileRef = BF9E727425D1EFE40027AE14 /* MysticSqaureApp.swift */; };
		BF9E727725D1EFE40027AE14 /* ContentView.swift in Sources */ = {isa = PBXBuildFile; fileRef = BF9E727625D1EFE40027AE14 /* ContentView.swift */; };
		BF9E727925D1EFE60027AE14 /* Assets.xcassets in Resources */ = {isa = PBXBuildFile; fileRef = BF9E727825D1EFE60027AE14 /* Assets.xcassets */; };
		BF9E727C25D1EFE60027AE14 /* Preview Assets.xcassets in Resources */ = {isa = PBXBuildFile; fileRef = BF9E727B25D1EFE60027AE14 /* Preview Assets.xcassets */; };
		BF9E728725D1EFE70027AE14 /* MysticSqaureTests.swift in Sources */ = {isa = PBXBuildFile; fileRef = BF9E728625D1EFE70027AE14 /* MysticSqaureTests.swift */; };
		BF9E729225D1EFE70027AE14 /* MysticSqaureUITests.swift in Sources */ = {isa = PBXBuildFile; fileRef = BF9E729125D1EFE70027AE14 /* MysticSqaureUITests.swift */; };
/* End PBXBuildFile section */

/* Begin PBXContainerItemProxy section */
		BF9E728325D1EFE70027AE14 /* PBXContainerItemProxy */ = {
			isa = PBXContainerItemProxy;
			containerPortal = BF9E726925D1EFE40027AE14 /* Project object */;
			proxyType = 1;
			remoteGlobalIDString = BF9E727025D1EFE40027AE14;
			remoteInfo = MysticSqaure;
		};
		BF9E728E25D1EFE70027AE14 /* PBXContainerItemProxy */ = {
			isa = PBXContainerItemProxy;
			containerPortal = BF9E726925D1EFE40027AE14 /* Project object */;
			proxyType = 1;
			remoteGlobalIDString = BF9E727025D1EFE40027AE14;
			remoteInfo = MysticSqaure;
		};
/* End PBXContainerItemProxy section */

/* Begin PBXFileReference section */
		BF9E727125D1EFE40027AE14 /* MysticSqaure.app */ = {isa = PBXFileReference; explicitFileType = wrapper.application; includeInIndex = 0; path = MysticSqaure.app; sourceTree = BUILT_PRODUCTS_DIR; };
		BF9E727425D1EFE40027AE14 /* MysticSqaureApp.swift */ = {isa = PBXFileReference; lastKnownFileType = sourcecode.swift; path = MysticSqaureApp.swift; sourceTree = "<group>"; };
		BF9E727625D1EFE40027AE14 /* ContentView.swift */ = {isa = PBXFileReference; lastKnownFileType = sourcecode.swift; path = ContentView.swift; sourceTree = "<group>"; };
		BF9E727825D1EFE60027AE14 /* Assets.xcassets */ = {isa = PBXFileReference; lastKnownFileType = folder.assetcatalog; path = Assets.xcassets; sourceTree = "<group>"; };
		BF9E727B25D1EFE60027AE14 /* Preview Assets.xcassets */ = {isa = PBXFileReference; lastKnownFileType = folder.assetcatalog; path = "Preview Assets.xcassets"; sourceTree = "<group>"; };
		BF9E727D25D1EFE60027AE14 /* Info.plist */ = {isa = PBXFileReference; lastKnownFileType = text.plist.xml; path = Info.plist; sourceTree = "<group>"; };
		BF9E728225D1EFE70027AE14 /* MysticSqaureTests.xctest */ = {isa = PBXFileReference; explicitFileType = wrapper.cfbundle; includeInIndex = 0; path = MysticSqaureTests.xctest; sourceTree = BUILT_PRODUCTS_DIR; };
		BF9E728625D1EFE70027AE14 /* MysticSqaureTests.swift */ = {isa = PBXFileReference; lastKnownFileType = sourcecode.swift; path = MysticSqaureTests.swift; sourceTree = "<group>"; };
		BF9E728825D1EFE70027AE14 /* Info.plist */ = {isa = PBXFileReference; lastKnownFileType = text.plist.xml; path = Info.plist; sourceTree = "<group>"; };
		BF9E728D25D1EFE70027AE14 /* MysticSqaureUITests.xctest */ = {isa = PBXFileReference; explicitFileType = wrapper.cfbundle; includeInIndex = 0; path = MysticSqaureUITests.xctest; sourceTree = BUILT_PRODUCTS_DIR; };
		BF9E729125D1EFE70027AE14 /* MysticSqaureUITests.swift */ = {isa = PBXFileReference; lastKnownFileType = sourcecode.swift; path = MysticSqaureUITests.swift; sourceTree = "<group>"; };
		BF9E729325D1EFE70027AE14 /* Info.plist */ = {isa = PBXFileReference; lastKnownFileType = text.plist.xml; path = Info.plist; sourceTree = "<group>"; };
/* End PBXFileReference section */

/* Begin PBXFrameworksBuildPhase section */
		BF9E726E25D1EFE40027AE14 /* Frameworks */ = {
			isa = PBXFrameworksBuildPhase;
			buildActionMask = 2147483647;
			files = (
			);
			runOnlyForDeploymentPostprocessing = 0;
		};
		BF9E727F25D1EFE70027AE14 /* Frameworks */ = {
			isa = PBXFrameworksBuildPhase;
			buildActionMask = 2147483647;
			files = (
			);
			runOnlyForDeploymentPostprocessing = 0;
		};
		BF9E728A25D1EFE70027AE14 /* Frameworks */ = {
			isa = PBXFrameworksBuildPhase;
			buildActionMask = 2147483647;
			files = (
			);
			runOnlyForDeploymentPostprocessing = 0;
		};
/* End PBXFrameworksBuildPhase section */

/* Begin PBXGroup section */
		BF9E726825D1EFE40027AE14 = {
			isa = PBXGroup;
			children = (
				BF9E727325D1EFE40027AE14 /* MysticSqaure */,
				BF9E728525D1EFE70027AE14 /* MysticSqaureTests */,
				BF9E729025D1EFE70027AE14 /* MysticSqaureUITests */,
				BF9E727225D1EFE40027AE14 /* Products */,
			);
			sourceTree = "<group>";
		};
		BF9E727225D1EFE40027AE14 /* Products */ = {
			isa = PBXGroup;
			children = (
				BF9E727125D1EFE40027AE14 /* MysticSqaure.app */,
				BF9E728225D1EFE70027AE14 /* MysticSqaureTests.xctest */,
				BF9E728D25D1EFE70027AE14 /* MysticSqaureUITests.xctest */,
			);
			name = Products;
			sourceTree = "<group>";
		};
		BF9E727325D1EFE40027AE14 /* MysticSqaure */ = {
			isa = PBXGroup;
			children = (
				BF9E727425D1EFE40027AE14 /* MysticSqaureApp.swift */,
				BF9E727625D1EFE40027AE14 /* ContentView.swift */,
				BF9E727825D1EFE60027AE14 /* Assets.xcassets */,
				BF9E727D25D1EFE60027AE14 /* Info.plist */,
				BF9E727A25D1EFE60027AE14 /* Preview Content */,
			);
			path = MysticSqaure;
			sourceTree = "<group>";
		};
		BF9E727A25D1EFE60027AE14 /* Preview Content */ = {
			isa = PBXGroup;
			children = (
				BF9E727B25D1EFE60027AE14 /* Preview Assets.xcassets */,
			);
			path = "Preview Content";
			sourceTree = "<group>";
		};
		BF9E728525D1EFE70027AE14 /* MysticSqaureTests */ = {
			isa = PBXGroup;
			children = (
				BF9E728625D1EFE70027AE14 /* MysticSqaureTests.swift */,
				BF9E728825D1EFE70027AE14 /* Info.plist */,
			);
			path = MysticSqaureTests;
			sourceTree = "<group>";
		};
		BF9E729025D1EFE70027AE14 /* MysticSqaureUITests */ = {
			isa = PBXGroup;
			children = (
				BF9E729125D1EFE70027AE14 /* MysticSqaureUITests.swift */,
				BF9E729325D1EFE70027AE14 /* Info.plist */,
			);
			path = MysticSqaureUITests;
			sourceTree = "<group>";
		};
/* End PBXGroup section */

/* Begin PBXNativeTarget section */
		BF9E727025D1EFE40027AE14 /* MysticSqaure */ = {
			isa = PBXNativeTarget;
			buildConfigurationList = BF9E729625D1EFE70027AE14 /* Build configuration list for PBXNativeTarget "MysticSqaure" */;
			buildPhases = (
				BF9E726D25D1EFE40027AE14 /* Sources */,
				BF9E726E25D1EFE40027AE14 /* Frameworks */,
				BF9E726F25D1EFE40027AE14 /* Resources */,
			);
			buildRules = (
			);
			dependencies = (
			);
			name = MysticSqaure;
			productName = MysticSqaure;
			productReference = BF9E727125D1EFE40027AE14 /* MysticSqaure.app */;
			productType = "com.apple.product-type.application";
		};
		BF9E728125D1EFE70027AE14 /* MysticSqaureTests */ = {
			isa = PBXNativeTarget;
			buildConfigurationList = BF9E729925D1EFE70027AE14 /* Build configuration list for PBXNativeTarget "MysticSqaureTests" */;
			buildPhases = (
				BF9E727E25D1EFE70027AE14 /* Sources */,
				BF9E727F25D1EFE70027AE14 /* Frameworks */,
				BF9E728025D1EFE70027AE14 /* Resources */,
			);
			buildRules = (
			);
			dependencies = (
				BF9E728425D1EFE70027AE14 /* PBXTargetDependency */,
			);
			name = MysticSqaureTests;
			productName = MysticSqaureTests;
			productReference = BF9E728225D1EFE70027AE14 /* MysticSqaureTests.xctest */;
			productType = "com.apple.product-type.bundle.unit-test";
		};
		BF9E728C25D1EFE70027AE14 /* MysticSqaureUITests */ = {
			isa = PBXNativeTarget;
			buildConfigurationList = BF9E729C25D1EFE70027AE14 /* Build configuration list for PBXNativeTarget "MysticSqaureUITests" */;
			buildPhases = (
				BF9E728925D1EFE70027AE14 /* Sources */,
				BF9E728A25D1EFE70027AE14 /* Frameworks */,
				BF9E728B25D1EFE70027AE14 /* Resources */,
			);
			buildRules = (
			);
			dependencies = (
				BF9E728F25D1EFE70027AE14 /* PBXTargetDependency */,
			);
			name = MysticSqaureUITests;
			productName = MysticSqaureUITests;
			productReference = BF9E728D25D1EFE70027AE14 /* MysticSqaureUITests.xctest */;
			productType = "com.apple.product-type.bundle.ui-testing";
		};
/* End PBXNativeTarget section */

/* Begin PBXProject section */
		BF9E726925D1EFE40027AE14 /* Project object */ = {
			isa = PBXProject;
			attributes = {
				LastSwiftUpdateCheck = 1230;
				LastUpgradeCheck = 1230;
				TargetAttributes = {
					BF9E727025D1EFE40027AE14 = {
						CreatedOnToolsVersion = 12.3;
					};
					BF9E728125D1EFE70027AE14 = {
						CreatedOnToolsVersion = 12.3;
						TestTargetID = BF9E727025D1EFE40027AE14;
					};
					BF9E728C25D1EFE70027AE14 = {
						CreatedOnToolsVersion = 12.3;
						TestTargetID = BF9E727025D1EFE40027AE14;
					};
				};
			};
			buildConfigurationList = BF9E726C25D1EFE40027AE14 /* Build configuration list for PBXProject "MysticSqaure" */;
			compatibilityVersion = "Xcode 9.3";
			developmentRegion = en;
			hasScannedForEncodings = 0;
			knownRegions = (
				en,
				Base,
			);
			mainGroup = BF9E726825D1EFE40027AE14;
			productRefGroup = BF9E727225D1EFE40027AE14 /* Products */;
			projectDirPath = "";
			projectRoot = "";
			targets = (
				BF9E727025D1EFE40027AE14 /* MysticSqaure */,
				BF9E728125D1EFE70027AE14 /* MysticSqaureTests */,
				BF9E728C25D1EFE70027AE14 /* MysticSqaureUITests */,
			);
		};
/* End PBXProject section */

/* Begin PBXResourcesBuildPhase section */
		BF9E726F25D1EFE40027AE14 /* Resources */ = {
			isa = PBXResourcesBuildPhase;
			buildActionMask = 2147483647;
			files = (
				BF9E727C25D1EFE60027AE14 /* Preview Assets.xcassets in Resources */,
				BF9E727925D1EFE60027AE14 /* Assets.xcassets in Resources */,
			);
			runOnlyForDeploymentPostprocessing = 0;
		};
		BF9E728025D1EFE70027AE14 /* Resources */ = {
			isa = PBXResourcesBuildPhase;
			buildActionMask = 2147483647;
			files = (
			);
			runOnlyForDeploymentPostprocessing = 0;
		};
		BF9E728B25D1EFE70027AE14 /* Resources */ = {
			isa = PBXResourcesBuildPhase;
			buildActionMask = 2147483647;
			files = (
			);
			runOnlyForDeploymentPostprocessing = 0;
		};
/* End PBXResourcesBuildPhase section */

/* Begin PBXSourcesBuildPhase section */
		BF9E726D25D1EFE40027AE14 /* Sources */ = {
			isa = PBXSourcesBuildPhase;
			buildActionMask = 2147483647;
			files = (
				BF9E727725D1EFE40027AE14 /* ContentView.swift in Sources */,
				BF9E727525D1EFE40027AE14 /* MysticSqaureApp.swift in Sources */,
			);
			runOnlyForDeploymentPostprocessing = 0;
		};
		BF9E727E25D1EFE70027AE14 /* Sources */ = {
			isa = PBXSourcesBuildPhase;
			buildActionMask = 2147483647;
			files = (
				BF9E728725D1EFE70027AE14 /* MysticSqaureTests.swift in Sources */,
			);
			runOnlyForDeploymentPostprocessing = 0;
		};
		BF9E728925D1EFE70027AE14 /* Sources */ = {
			isa = PBXSourcesBuildPhase;
			buildActionMask = 2147483647;
			files = (
				BF9E729225D1EFE70027AE14 /* MysticSqaureUITests.swift in Sources */,
			);
			runOnlyForDeploymentPostprocessing = 0;
		};
/* End PBXSourcesBuildPhase section */

/* Begin PBXTargetDependency section */
		BF9E728425D1EFE70027AE14 /* PBXTargetDependency */ = {
			isa = PBXTargetDependency;
			target = BF9E727025D1EFE40027AE14 /* MysticSqaure */;
			targetProxy = BF9E728325D1EFE70027AE14 /* PBXContainerItemProxy */;
		};
		BF9E728F25D1EFE70027AE14 /* PBXTargetDependency */ = {
			isa = PBXTargetDependency;
			target = BF9E727025D1EFE40027AE14 /* MysticSqaure */;
			targetProxy = BF9E728E25D1EFE70027AE14 /* PBXContainerItemProxy */;
		};
/* End PBXTargetDependency section */

/* Begin XCBuildConfiguration section */
		BF9E729425D1EFE70027AE14 /* Debug */ = {
			isa = XCBuildConfiguration;
			buildSettings = {
				ALWAYS_SEARCH_USER_PATHS = NO;
				CLANG_ANALYZER_NONNULL = YES;
				CLANG_ANALYZER_NUMBER_OBJECT_CONVERSION = YES_AGGRESSIVE;
				CLANG_CXX_LANGUAGE_STANDARD = "gnu++14";
				CLANG_CXX_LIBRARY = "libc++";
				CLANG_ENABLE_MODULES = YES;
				CLANG_ENABLE_OBJC_ARC = YES;
				CLANG_ENABLE_OBJC_WEAK = YES;
				CLANG_WARN_BLOCK_CAPTURE_AUTORELEASING = YES;
				CLANG_WARN_BOOL_CONVERSION = YES;
				CLANG_WARN_COMMA = YES;
				CLANG_WARN_CONSTANT_CONVERSION = YES;
				CLANG_WARN_DEPRECATED_OBJC_IMPLEMENTATIONS = YES;
				CLANG_WARN_DIRECT_OBJC_ISA_USAGE = YES_ERROR;
				CLANG_WARN_DOCUMENTATION_COMMENTS = YES;
				CLANG_WARN_EMPTY_BODY = YES;
				CLANG_WARN_ENUM_CONVERSION = YES;
				CLANG_WARN_INFINITE_RECURSION = YES;
				CLANG_WARN_INT_CONVERSION = YES;
				CLANG_WARN_NON_LITERAL_NULL_CONVERSION = YES;
				CLANG_WARN_OBJC_IMPLICIT_RETAIN_SELF = YES;
				CLANG_WARN_OBJC_LITERAL_CONVERSION = YES;
				CLANG_WARN_OBJC_ROOT_CLASS = YES_ERROR;
				CLANG_WARN_QUOTED_INCLUDE_IN_FRAMEWORK_HEADER = YES;
				CLANG_WARN_RANGE_LOOP_ANALYSIS = YES;
				CLANG_WARN_STRICT_PROTOTYPES = YES;
				CLANG_WARN_SUSPICIOUS_MOVE = YES;
				CLANG_WARN_UNGUARDED_AVAILABILITY = YES_AGGRESSIVE;
				CLANG_WARN_UNREACHABLE_CODE = YES;
				CLANG_WARN__DUPLICATE_METHOD_MATCH = YES;
				COPY_PHASE_STRIP = NO;
				DEBUG_INFORMATION_FORMAT = dwarf;
				ENABLE_STRICT_OBJC_MSGSEND = YES;
				ENABLE_TESTABILITY = YES;
				GCC_C_LANGUAGE_STANDARD = gnu11;
				GCC_DYNAMIC_NO_PIC = NO;
				GCC_NO_COMMON_BLOCKS = YES;
				GCC_OPTIMIZATION_LEVEL = 0;
				GCC_PREPROCESSOR_DEFINITIONS = (
					"DEBUG=1",
					"$(inherited)",
				);
				GCC_WARN_64_TO_32_BIT_CONVERSION = YES;
				GCC_WARN_ABOUT_RETURN_TYPE = YES_ERROR;
				GCC_WARN_UNDECLARED_SELECTOR = YES;
				GCC_WARN_UNINITIALIZED_AUTOS = YES_AGGRESSIVE;
				GCC_WARN_UNUSED_FUNCTION = YES;
				GCC_WARN_UNUSED_VARIABLE = YES;
				IPHONEOS_DEPLOYMENT_TARGET = 14.3;
				MTL_ENABLE_DEBUG_INFO = INCLUDE_SOURCE;
				MTL_FAST_MATH = YES;
				ONLY_ACTIVE_ARCH = YES;
				SDKROOT = iphoneos;
				SWIFT_ACTIVE_COMPILATION_CONDITIONS = DEBUG;
				SWIFT_OPTIMIZATION_LEVEL = "-Onone";
			};
			name = Debug;
		};
		BF9E729525D1EFE70027AE14 /* Release */ = {
			isa = XCBuildConfiguration;
			buildSettings = {
				ALWAYS_SEARCH_USER_PATHS = NO;
				CLANG_ANALYZER_NONNULL = YES;
				CLANG_ANALYZER_NUMBER_OBJECT_CONVERSION = YES_AGGRESSIVE;
				CLANG_CXX_LANGUAGE_STANDARD = "gnu++14";
				CLANG_CXX_LIBRARY = "libc++";
				CLANG_ENABLE_MODULES = YES;
				CLANG_ENABLE_OBJC_ARC = YES;
				CLANG_ENABLE_OBJC_WEAK = YES;
				CLANG_WARN_BLOCK_CAPTURE_AUTORELEASING = YES;
				CLANG_WARN_BOOL_CONVERSION = YES;
				CLANG_WARN_COMMA = YES;
				CLANG_WARN_CONSTANT_CONVERSION = YES;
				CLANG_WARN_DEPRECATED_OBJC_IMPLEMENTATIONS = YES;
				CLANG_WARN_DIRECT_OBJC_ISA_USAGE = YES_ERROR;
				CLANG_WARN_DOCUMENTATION_COMMENTS = YES;
				CLANG_WARN_EMPTY_BODY = YES;
				CLANG_WARN_ENUM_CONVERSION = YES;
				CLANG_WARN_INFINITE_RECURSION = YES;
				CLANG_WARN_INT_CONVERSION = YES;
				CLANG_WARN_NON_LITERAL_NULL_CONVERSION = YES;
				CLANG_WARN_OBJC_IMPLICIT_RETAIN_SELF = YES;
				CLANG_WARN_OBJC_LITERAL_CONVERSION = YES;
				CLANG_WARN_OBJC_ROOT_CLASS = YES_ERROR;
				CLANG_WARN_QUOTED_INCLUDE_IN_FRAMEWORK_HEADER = YES;
				CLANG_WARN_RANGE_LOOP_ANALYSIS = YES;
				CLANG_WARN_STRICT_PROTOTYPES = YES;
				CLANG_WARN_SUSPICIOUS_MOVE = YES;
				CLANG_WARN_UNGUARDED_AVAILABILITY = YES_AGGRESSIVE;
				CLANG_WARN_UNREACHABLE_CODE = YES;
				CLANG_WARN__DUPLICATE_METHOD_MATCH = YES;
				COPY_PHASE_STRIP = NO;
				DEBUG_INFORMATION_FORMAT = "dwarf-with-dsym";
				ENABLE_NS_ASSERTIONS = NO;
				ENABLE_STRICT_OBJC_MSGSEND = YES;
				GCC_C_LANGUAGE_STANDARD = gnu11;
				GCC_NO_COMMON_BLOCKS = YES;
				GCC_WARN_64_TO_32_BIT_CONVERSION = YES;
				GCC_WARN_ABOUT_RETURN_TYPE = YES_ERROR;
				GCC_WARN_UNDECLARED_SELECTOR = YES;
				GCC_WARN_UNINITIALIZED_AUTOS = YES_AGGRESSIVE;
				GCC_WARN_UNUSED_FUNCTION = YES;
				GCC_WARN_UNUSED_VARIABLE = YES;
				IPHONEOS_DEPLOYMENT_TARGET = 14.3;
				MTL_ENABLE_DEBUG_INFO = NO;
				MTL_FAST_MATH = YES;
				SDKROOT = iphoneos;
				SWIFT_COMPILATION_MODE = wholemodule;
				SWIFT_OPTIMIZATION_LEVEL = "-O";
				VALIDATE_PRODUCT = YES;
			};
			name = Release;
		};
		BF9E729725D1EFE70027AE14 /* Debug */ = {
			isa = XCBuildConfiguration;
			buildSettings = {
				ASSETCATALOG_COMPILER_APPICON_NAME = AppIcon;
				ASSETCATALOG_COMPILER_GLOBAL_ACCENT_COLOR_NAME = AccentColor;
				CODE_SIGN_STYLE = Automatic;
				DEVELOPMENT_ASSET_PATHS = "\"MysticSqaure/Preview Content\"";
				DEVELOPMENT_TEAM = XP6D53HG6S;
				ENABLE_PREVIEWS = YES;
				INFOPLIST_FILE = MysticSqaure/Info.plist;
				IPHONEOS_DEPLOYMENT_TARGET = 14.0;
				LD_RUNPATH_SEARCH_PATHS = (
					"$(inherited)",
					"@executable_path/Frameworks",
				);
				PRODUCT_BUNDLE_IDENTIFIER = com.JTS.MysticSqaure;
				PRODUCT_NAME = "$(TARGET_NAME)";
				SWIFT_VERSION = 5.0;
				TARGETED_DEVICE_FAMILY = "1,2";
			};
			name = Debug;
		};
		BF9E729825D1EFE70027AE14 /* Release */ = {
			isa = XCBuildConfiguration;
			buildSettings = {
				ASSETCATALOG_COMPILER_APPICON_NAME = AppIcon;
				ASSETCATALOG_COMPILER_GLOBAL_ACCENT_COLOR_NAME = AccentColor;
				CODE_SIGN_STYLE = Automatic;
				DEVELOPMENT_ASSET_PATHS = "\"MysticSqaure/Preview Content\"";
				DEVELOPMENT_TEAM = XP6D53HG6S;
				ENABLE_PREVIEWS = YES;
				INFOPLIST_FILE = MysticSqaure/Info.plist;
				IPHONEOS_DEPLOYMENT_TARGET = 14.0;
				LD_RUNPATH_SEARCH_PATHS = (
					"$(inherited)",
					"@executable_path/Frameworks",
				);
				PRODUCT_BUNDLE_IDENTIFIER = com.JTS.MysticSqaure;
				PRODUCT_NAME = "$(TARGET_NAME)";
				SWIFT_VERSION = 5.0;
				TARGETED_DEVICE_FAMILY = "1,2";
			};
			name = Release;
		};
		BF9E729A25D1EFE70027AE14 /* Debug */ = {
			isa = XCBuildConfiguration;
			buildSettings = {
				ALWAYS_EMBED_SWIFT_STANDARD_LIBRARIES = YES;
				BUNDLE_LOADER = "$(TEST_HOST)";
				CODE_SIGN_STYLE = Automatic;
				DEVELOPMENT_TEAM = XP6D53HG6S;
				INFOPLIST_FILE = MysticSqaureTests/Info.plist;
				IPHONEOS_DEPLOYMENT_TARGET = 14.0;
				LD_RUNPATH_SEARCH_PATHS = (
					"$(inherited)",
					"@executable_path/Frameworks",
					"@loader_path/Frameworks",
				);
				PRODUCT_BUNDLE_IDENTIFIER = com.JTS.MysticSqaureTests;
				PRODUCT_NAME = "$(TARGET_NAME)";
				SWIFT_VERSION = 5.0;
				TARGETED_DEVICE_FAMILY = "1,2";
				TEST_HOST = "$(BUILT_PRODUCTS_DIR)/MysticSqaure.app/MysticSqaure";
			};
			name = Debug;
		};
		BF9E729B25D1EFE70027AE14 /* Release */ = {
			isa = XCBuildConfiguration;
			buildSettings = {
				ALWAYS_EMBED_SWIFT_STANDARD_LIBRARIES = YES;
				BUNDLE_LOADER = "$(TEST_HOST)";
				CODE_SIGN_STYLE = Automatic;
				DEVELOPMENT_TEAM = XP6D53HG6S;
				INFOPLIST_FILE = MysticSqaureTests/Info.plist;
				IPHONEOS_DEPLOYMENT_TARGET = 14.0;
				LD_RUNPATH_SEARCH_PATHS = (
					"$(inherited)",
					"@executable_path/Frameworks",
					"@loader_path/Frameworks",
				);
				PRODUCT_BUNDLE_IDENTIFIER = com.JTS.MysticSqaureTests;
				PRODUCT_NAME = "$(TARGET_NAME)";
				SWIFT_VERSION = 5.0;
				TARGETED_DEVICE_FAMILY = "1,2";
				TEST_HOST = "$(BUILT_PRODUCTS_DIR)/MysticSqaure.app/MysticSqaure";
			};
			name = Release;
		};
		BF9E729D25D1EFE70027AE14 /* Debug */ = {
			isa = XCBuildConfiguration;
			buildSettings = {
				ALWAYS_EMBED_SWIFT_STANDARD_LIBRARIES = YES;
				CODE_SIGN_STYLE = Automatic;
				DEVELOPMENT_TEAM = XP6D53HG6S;
				INFOPLIST_FILE = MysticSqaureUITests/Info.plist;
				LD_RUNPATH_SEARCH_PATHS = (
					"$(inherited)",
					"@executable_path/Frameworks",
					"@loader_path/Frameworks",
				);
				PRODUCT_BUNDLE_IDENTIFIER = com.JTS.MysticSqaureUITests;
				PRODUCT_NAME = "$(TARGET_NAME)";
				SWIFT_VERSION = 5.0;
				TARGETED_DEVICE_FAMILY = "1,2";
				TEST_TARGET_NAME = MysticSqaure;
			};
			name = Debug;
		};
		BF9E729E25D1EFE70027AE14 /* Release */ = {
			isa = XCBuildConfiguration;
			buildSettings = {
				ALWAYS_EMBED_SWIFT_STANDARD_LIBRARIES = YES;
				CODE_SIGN_STYLE = Automatic;
				DEVELOPMENT_TEAM = XP6D53HG6S;
				INFOPLIST_FILE = MysticSqaureUITests/Info.plist;
				LD_RUNPATH_SEARCH_PATHS = (
					"$(inherited)",
					"@executable_path/Frameworks",
					"@loader_path/Frameworks",
				);
				PRODUCT_BUNDLE_IDENTIFIER = com.JTS.MysticSqaureUITests;
				PRODUCT_NAME = "$(TARGET_NAME)";
				SWIFT_VERSION = 5.0;
				TARGETED_DEVICE_FAMILY = "1,2";
				TEST_TARGET_NAME = MysticSqaure;
			};
			name = Release;
		};
/* End XCBuildConfiguration section */

/* Begin XCConfigurationList section */
		BF9E726C25D1EFE40027AE14 /* Build configuration list for PBXProject "MysticSqaure" */ = {
			isa = XCConfigurationList;
			buildConfigurations = (
				BF9E729425D1EFE70027AE14 /* Debug */,
				BF9E729525D1EFE70027AE14 /* Release */,
			);
			defaultConfigurationIsVisible = 0;
			defaultConfigurationName = Release;
		};
		BF9E729625D1EFE70027AE14 /* Build configuration list for PBXNativeTarget "MysticSqaure" */ = {
			isa = XCConfigurationList;
			buildConfigurations = (
				BF9E729725D1EFE70027AE14 /* Debug */,
				BF9E729825D1EFE70027AE14 /* Release */,
			);
			defaultConfigurationIsVisible = 0;
			defaultConfigurationName = Release;
		};
		BF9E729925D1EFE70027AE14 /* Build configuration list for PBXNativeTarget "MysticSqaureTests" */ = {
			isa = XCConfigurationList;
			buildConfigurations = (
				BF9E729A25D1EFE70027AE14 /* Debug */,
				BF9E729B25D1EFE70027AE14 /* Release */,
			);
			defaultConfigurationIsVisible = 0;
			defaultConfigurationName = Release;
		};
		BF9E729C25D1EFE70027AE14 /* Build configuration list for PBXNativeTarget "MysticSqaureUITests" */ = {
			isa = XCConfigurationList;
			buildConfigurations = (
				BF9E729D25D1EFE70027AE14 /* Debug */,
				BF9E729E25D1EFE70027AE14 /* Release */,
			);
			defaultConfigurationIsVisible = 0;
			defaultConfigurationName = Release;
		};
/* End XCConfigurationList section */
	};
	rootObject = BF9E726925D1EFE40027AE14 /* Project object */;
}
